
Microsoft Visual Studio Solution File, Format Version 11.00
# Visual Studio 2010
Project("{FAE04EC0-301F-11D3-BF4B-00C04F79EFBC}") = "BandyServer", "BandyServer.csproj", "{C4809E0C-FC32-4BD6-B21D-7B973E9A8FAD}"
EndProject
Project("{FAE04EC0-301F-11D3-BF4B-00C04F79EFBC}") = "BandyLib", "..\BandyLib\BandyLib.csproj", "{EE8F7853-1769-4189-BCFC-C4DD254C9567}"
EndProject
Global
	GlobalSection(SubversionScc) = preSolution
		Svn-Managed = True
		Manager = AnkhSVN - Subversion Support for Visual Studio
	EndGlobalSection
	GlobalSection(SolutionConfigurationPlatforms) = preSolution
		Debug|Any CPU = Debug|Any CPU
		Debug|Mixed Platforms = Debug|Mixed Platforms
		Debug|x86 = Debug|x86
		Release|Any CPU = Release|Any CPU
		Release|Mixed Platforms = Release|Mixed Platforms
		Release|x86 = Release|x86
	EndGlobalSection
	GlobalSection(ProjectConfigurationPlatforms) = postSolution
		{C4809E0C-FC32-4BD6-B21D-7B973E9A8FAD}.Debug|Any CPU.ActiveCfg = Debug|x86
		{C4809E0C-FC32-4BD6-B21D-7B973E9A8FAD}.Debug|Mixed Platforms.ActiveCfg = Debug|x86
		{C4809E0C-FC32-4BD6-B21D-7B973E9A8FAD}.Debug|Mixed Platforms.Build.0 = Debug|x86
		{C4809E0C-FC32-4BD6-B21D-7B973E9A8FAD}.Debug|x86.ActiveCfg = Debug|x86
		{C4809E0C-FC32-4BD6-B21D-7B973E9A8FAD}.Debug|x86.Build.0 = Debug|x86
		{C4809E0C-FC32-4BD6-B21D-7B973E9A8FAD}.Release|Any CPU.ActiveCfg = Release|x86
		{C4809E0C-FC32-4BD6-B21D-7B973E9A8FAD}.Release|Mixed Platforms.ActiveCfg = Release|x86
		{C4809E0C-FC32-4BD6-B21D-7B973E9A8FAD}.Release|Mixed Platforms.Build.0 = Release|x86
		{C4809E0C-FC32-4BD6-B21D-7B973E9A8FAD}.Release|x86.ActiveCfg = Release|x86
		{C4809E0C-FC32-4BD6-B21D-7B973E9A8FAD}.Release|x86.Build.0 = Release|x86
		{EE8F7853-1769-4189-BCFC-C4DD254C9567}.Debug|Any CPU.ActiveCfg = Debug|Any CPU
		{EE8F7853-1769-4189-BCFC-C4DD254C9567}.Debug|Any CPU.Build.0 = Debug|Any CPU
		{EE8F7853-1769-4189-BCFC-C4DD254C9567}.Debug|Mixed Platforms.ActiveCfg = Debug|Any CPU
		{EE8F7853-1769-4189-BCFC-C4DD254C9567}.Debug|Mixed Platforms.Build.0 = Debug|Any CPU
		{EE8F7853-1769-4189-BCFC-C4DD254C9567}.Debug|x86.ActiveCfg = Debug|Any CPU
		{EE8F7853-1769-4189-BCFC-C4DD254C9567}.Release|Any CPU.ActiveCfg = Release|Any CPU
		{EE8F7853-1769-4189-BCFC-C4DD254C9567}.Release|Any CPU.Build.0 = Release|Any CPU
		{EE8F7853-1769-4189-BCFC-C4DD254C9567}.Release|Mixed Platforms.ActiveCfg = Release|Any CPU
		{EE8F7853-1769-4189-BCFC-C4DD254C9567}.Release|Mixed Platforms.Build.0 = Release|Any CPU
		{EE8F7853-1769-4189-BCFC-C4DD254C9567}.Release|x86.ActiveCfg = Release|Any CPU
	EndGlobalSection
	GlobalSection(SolutionProperties) = preSolution
		HideSolutionNode = FALSE
	EndGlobalSection
EndGlobal
